// !$*UTF8*$!
{
	archiveVersion = 1;
	classes = {
	};
	objectVersion = 50;
	objects = {

/* Begin PBXBuildFile section */
		780F7DC826196189778A6DF1 /* Pods_howto_alamofire.framework in Frameworks */ = {isa = PBXBuildFile; fileRef = 665AF63AB4724C03C72D8E70 /* Pods_howto_alamofire.framework */; };
		D9AF040A228AC611002D7388 /* AppDelegate.swift in Sources */ = {isa = PBXBuildFile; fileRef = D9AF0409228AC611002D7388 /* AppDelegate.swift */; };
		D9AF040C228AC611002D7388 /* ViewController.swift in Sources */ = {isa = PBXBuildFile; fileRef = D9AF040B228AC611002D7388 /* ViewController.swift */; };
		D9AF040F228AC611002D7388 /* Main.storyboard in Resources */ = {isa = PBXBuildFile; fileRef = D9AF040D228AC611002D7388 /* Main.storyboard */; };
		D9AF0411228AC612002D7388 /* Assets.xcassets in Resources */ = {isa = PBXBuildFile; fileRef = D9AF0410228AC612002D7388 /* Assets.xcassets */; };
		D9AF0414228AC612002D7388 /* LaunchScreen.storyboard in Resources */ = {isa = PBXBuildFile; fileRef = D9AF0412228AC612002D7388 /* LaunchScreen.storyboard */; };
/* End PBXBuildFile section */

/* Begin PBXFileReference section */
		665AF63AB4724C03C72D8E70 /* Pods_howto_alamofire.framework */ = {isa = PBXFileReference; explicitFileType = wrapper.framework; includeInIndex = 0; path = Pods_howto_alamofire.framework; sourceTree = BUILT_PRODUCTS_DIR; };
		75378933E2E98A6C9A383088 /* Pods-howto-alamofire.release.xcconfig */ = {isa = PBXFileReference; includeInIndex = 1; lastKnownFileType = text.xcconfig; name = "Pods-howto-alamofire.release.xcconfig"; path = "Pods/Target Support Files/Pods-howto-alamofire/Pods-howto-alamofire.release.xcconfig"; sourceTree = "<group>"; };
		D9AF0406228AC611002D7388 /* howto-alamofire.app */ = {isa = PBXFileReference; explicitFileType = wrapper.application; includeInIndex = 0; path = "howto-alamofire.app"; sourceTree = BUILT_PRODUCTS_DIR; };
		D9AF0409228AC611002D7388 /* AppDelegate.swift */ = {isa = PBXFileReference; lastKnownFileType = sourcecode.swift; path = AppDelegate.swift; sourceTree = "<group>"; };
		D9AF040B228AC611002D7388 /* ViewController.swift */ = {isa = PBXFileReference; lastKnownFileType = sourcecode.swift; path = ViewController.swift; sourceTree = "<group>"; };
		D9AF040E228AC611002D7388 /* Base */ = {isa = PBXFileReference; lastKnownFileType = file.storyboard; name = Base; path = Base.lproj/Main.storyboard; sourceTree = "<group>"; };
		D9AF0410228AC612002D7388 /* Assets.xcassets */ = {isa = PBXFileReference; lastKnownFileType = folder.assetcatalog; path = Assets.xcassets; sourceTree = "<group>"; };
		D9AF0413228AC612002D7388 /* Base */ = {isa = PBXFileReference; lastKnownFileType = file.storyboard; name = Base; path = Base.lproj/LaunchScreen.storyboard; sourceTree = "<group>"; };
		D9AF0415228AC612002D7388 /* Info.plist */ = {isa = PBXFileReference; lastKnownFileType = text.plist.xml; path = Info.plist; sourceTree = "<group>"; };
		E25D47F22C068C10A12BED24 /* Pods-howto-alamofire.debug.xcconfig */ = {isa = PBXFileReference; includeInIndex = 1; lastKnownFileType = text.xcconfig; name = "Pods-howto-alamofire.debug.xcconfig"; path = "Pods/Target Support Files/Pods-howto-alamofire/Pods-howto-alamofire.debug.xcconfig"; sourceTree = "<group>"; };
/* End PBXFileReference section */

/* Begin PBXFrameworksBuildPhase section */
		D9AF0403228AC611002D7388 /* Frameworks */ = {
			isa = PBXFrameworksBuildPhase;
			buildActionMask = 2147483647;
			files = (
				780F7DC826196189778A6DF1 /* Pods_howto_alamofire.framework in Frameworks */,
			);
			runOnlyForDeploymentPostprocessing = 0;
		};
/* End PBXFrameworksBuildPhase section */

/* Begin PBXGroup section */
		6B287027C13411681DCD1601 /* Pods */ = {
			isa = PBXGroup;
			children = (
				E25D47F22C068C10A12BED24 /* Pods-howto-alamofire.debug.xcconfig */,
				75378933E2E98A6C9A383088 /* Pods-howto-alamofire.release.xcconfig */,
			);
			name = Pods;
			sourceTree = "<group>";
		};
		D9AF03FD228AC611002D7388 = {
			isa = PBXGroup;
			children = (
				D9AF0408228AC611002D7388 /* howto-alamofire */,
				D9AF0407228AC611002D7388 /* Products */,
				6B287027C13411681DCD1601 /* Pods */,
				E574AD9FFAA7CC23CADC66A4 /* Frameworks */,
			);
			sourceTree = "<group>";
		};
		D9AF0407228AC611002D7388 /* Products */ = {
			isa = PBXGroup;
			children = (
				D9AF0406228AC611002D7388 /* howto-alamofire.app */,
			);
			name = Products;
			sourceTree = "<group>";
		};
		D9AF0408228AC611002D7388 /* howto-alamofire */ = {
			isa = PBXGroup;
			children = (
				D9AF0409228AC611002D7388 /* AppDelegate.swift */,
				D9AF040B228AC611002D7388 /* ViewController.swift */,
				D9AF040D228AC611002D7388 /* Main.storyboard */,
				D9AF0410228AC612002D7388 /* Assets.xcassets */,
				D9AF0412228AC612002D7388 /* LaunchScreen.storyboard */,
				D9AF0415228AC612002D7388 /* Info.plist */,
			);
			path = "howto-alamofire";
			sourceTree = "<group>";
		};
		E574AD9FFAA7CC23CADC66A4 /* Frameworks */ = {
			isa = PBXGroup;
			children = (
				665AF63AB4724C03C72D8E70 /* Pods_howto_alamofire.framework */,
			);
			name = Frameworks;
			sourceTree = "<group>";
		};
/* End PBXGroup section */

/* Begin PBXNativeTarget section */
		D9AF0405228AC611002D7388 /* howto-alamofire */ = {
			isa = PBXNativeTarget;
			buildConfigurationList = D9AF0418228AC612002D7388 /* Build configuration list for PBXNativeTarget "howto-alamofire" */;
			buildPhases = (
				BC60920D7671DD268B02A1B5 /* [CP] Check Pods Manifest.lock */,
				D9AF0402228AC611002D7388 /* Sources */,
				D9AF0403228AC611002D7388 /* Frameworks */,
				D9AF0404228AC611002D7388 /* Resources */,
				65BF15FD61A78F46EA5E8115 /* [CP] Embed Pods Frameworks */,
			);
			buildRules = (
			);
			dependencies = (
			);
			name = "howto-alamofire";
			productName = "howto-alamofire";
			productReference = D9AF0406228AC611002D7388 /* howto-alamofire.app */;
			productType = "com.apple.product-type.application";
		};
/* End PBXNativeTarget section */

/* Begin PBXProject section */
		D9AF03FE228AC611002D7388 /* Project object */ = {
			isa = PBXProject;
			attributes = {
				LastSwiftUpdateCheck = 1010;
				LastUpgradeCheck = 1010;
				ORGANIZATIONNAME = Codavel;
				TargetAttributes = {
					D9AF0405228AC611002D7388 = {
						CreatedOnToolsVersion = 10.1;
					};
				};
			};
			buildConfigurationList = D9AF0401228AC611002D7388 /* Build configuration list for PBXProject "howto-alamofire" */;
			compatibilityVersion = "Xcode 9.3";
			developmentRegion = en;
			hasScannedForEncodings = 0;
			knownRegions = (
				en,
				Base,
			);
			mainGroup = D9AF03FD228AC611002D7388;
			productRefGroup = D9AF0407228AC611002D7388 /* Products */;
			projectDirPath = "";
			projectRoot = "";
			targets = (
				D9AF0405228AC611002D7388 /* howto-alamofire */,
			);
		};
/* End PBXProject section */

/* Begin PBXResourcesBuildPhase section */
		D9AF0404228AC611002D7388 /* Resources */ = {
			isa = PBXResourcesBuildPhase;
			buildActionMask = 2147483647;
			files = (
				D9AF0414228AC612002D7388 /* LaunchScreen.storyboard in Resources */,
				D9AF0411228AC612002D7388 /* Assets.xcassets in Resources */,
				D9AF040F228AC611002D7388 /* Main.storyboard in Resources */,
			);
			runOnlyForDeploymentPostprocessing = 0;
		};
/* End PBXResourcesBuildPhase section */

/* Begin PBXShellScriptBuildPhase section */
		65BF15FD61A78F46EA5E8115 /* [CP] Embed Pods Frameworks */ = {
			isa = PBXShellScriptBuildPhase;
			buildActionMask = 2147483647;
			files = (
			);
			inputFileListPaths = (
			);
			inputPaths = (
				"${SRCROOT}/Pods/Target Support Files/Pods-howto-alamofire/Pods-howto-alamofire-frameworks.sh",
				"${BUILT_PRODUCTS_DIR}/Alamofire/Alamofire.framework",
				"${BUILT_PRODUCTS_DIR}/AlamofireImage/AlamofireImage.framework",
			);
			name = "[CP] Embed Pods Frameworks";
			outputFileListPaths = (
			);
			outputPaths = (
				"${TARGET_BUILD_DIR}/${FRAMEWORKS_FOLDER_PATH}/Alamofire.framework",
				"${TARGET_BUILD_DIR}/${FRAMEWORKS_FOLDER_PATH}/AlamofireImage.framework",
			);
			runOnlyForDeploymentPostprocessing = 0;
			shellPath = /bin/sh;
			shellScript = "\"${SRCROOT}/Pods/Target Support Files/Pods-howto-alamofire/Pods-howto-alamofire-frameworks.sh\"\n";
			showEnvVarsInLog = 0;
		};
		BC60920D7671DD268B02A1B5 /* [CP] Check Pods Manifest.lock */ = {
			isa = PBXShellScriptBuildPhase;
			buildActionMask = 2147483647;
			files = (
			);
			inputFileListPaths = (
			);
			inputPaths = (
				"${PODS_PODFILE_DIR_PATH}/Podfile.lock",
				"${PODS_ROOT}/Manifest.lock",
			);
			name = "[CP] Check Pods Manifest.lock";
			outputFileListPaths = (
			);
			outputPaths = (
				"$(DERIVED_FILE_DIR)/Pods-howto-alamofire-checkManifestLockResult.txt",
			);
			runOnlyForDeploymentPostprocessing = 0;
			shellPath = /bin/sh;
			shellScript = "diff \"${PODS_PODFILE_DIR_PATH}/Podfile.lock\" \"${PODS_ROOT}/Manifest.lock\" > /dev/null\nif [ $? != 0 ] ; then\n    # print error to STDERR\n    echo \"error: The sandbox is not in sync with the Podfile.lock. Run 'pod install' or update your CocoaPods installation.\" >&2\n    exit 1\nfi\n# This output is used by Xcode 'outputs' to avoid re-running this script phase.\necho \"SUCCESS\" > \"${SCRIPT_OUTPUT_FILE_0}\"\n";
			showEnvVarsInLog = 0;
		};
/* End PBXShellScriptBuildPhase section */

/* Begin PBXSourcesBuildPhase section */
		D9AF0402228AC611002D7388 /* Sources */ = {
			isa = PBXSourcesBuildPhase;
			buildActionMask = 2147483647;
			files = (
				D9AF040C228AC611002D7388 /* ViewController.swift in Sources */,
				D9AF040A228AC611002D7388 /* AppDelegate.swift in Sources */,
			);
			runOnlyForDeploymentPostprocessing = 0;
		};
/* End PBXSourcesBuildPhase section */

/* Begin PBXVariantGroup section */
		D9AF040D228AC611002D7388 /* Main.storyboard */ = {
			isa = PBXVariantGroup;
			children = (
				D9AF040E228AC611002D7388 /* Base */,
			);
			name = Main.storyboard;
			sourceTree = "<group>";
		};
		D9AF0412228AC612002D7388 /* LaunchScreen.storyboard */ = {
			isa = PBXVariantGroup;
			children = (
				D9AF0413228AC612002D7388 /* Base */,
			);
			name = LaunchScreen.storyboard;
			sourceTree = "<group>";
		};
/* End PBXVariantGroup section */

/* Begin XCBuildConfiguration section */
		D9AF0416228AC612002D7388 /* Debug */ = {
			isa = XCBuildConfiguration;
			buildSettings = {
				ALWAYS_SEARCH_USER_PATHS = NO;
				CLANG_ANALYZER_NONNULL = YES;
				CLANG_ANALYZER_NUMBER_OBJECT_CONVERSION = YES_AGGRESSIVE;
				CLANG_CXX_LANGUAGE_STANDARD = "gnu++14";
				CLANG_CXX_LIBRARY = "libc++";
				CLANG_ENABLE_MODULES = YES;
				CLANG_ENABLE_OBJC_ARC = YES;
				CLANG_ENABLE_OBJC_WEAK = YES;
				CLANG_WARN_BLOCK_CAPTURE_AUTORELEASING = YES;
				CLANG_WARN_BOOL_CONVERSION = YES;
				CLANG_WARN_COMMA = YES;
				CLANG_WARN_CONSTANT_CONVERSION = YES;
				CLANG_WARN_DEPRECATED_OBJC_IMPLEMENTATIONS = YES;
				CLANG_WARN_DIRECT_OBJC_ISA_USAGE = YES_ERROR;
				CLANG_WARN_DOCUMENTATION_COMMENTS = YES;
				CLANG_WARN_EMPTY_BODY = YES;
				CLANG_WARN_ENUM_CONVERSION = YES;
				CLANG_WARN_INFINITE_RECURSION = YES;
				CLANG_WARN_INT_CONVERSION = YES;
				CLANG_WARN_NON_LITERAL_NULL_CONVERSION = YES;
				CLANG_WARN_OBJC_IMPLICIT_RETAIN_SELF = YES;
				CLANG_WARN_OBJC_LITERAL_CONVERSION = YES;
				CLANG_WARN_OBJC_ROOT_CLASS = YES_ERROR;
				CLANG_WARN_RANGE_LOOP_ANALYSIS = YES;
				CLANG_WARN_STRICT_PROTOTYPES = YES;
				CLANG_WARN_SUSPICIOUS_MOVE = YES;
				CLANG_WARN_UNGUARDED_AVAILABILITY = YES_AGGRESSIVE;
				CLANG_WARN_UNREACHABLE_CODE = YES;
				CLANG_WARN__DUPLICATE_METHOD_MATCH = YES;
				CODE_SIGN_IDENTITY = "iPhone Developer";
				COPY_PHASE_STRIP = NO;
				DEBUG_INFORMATION_FORMAT = dwarf;
				ENABLE_STRICT_OBJC_MSGSEND = YES;
				ENABLE_TESTABILITY = YES;
				GCC_C_LANGUAGE_STANDARD = gnu11;
				GCC_DYNAMIC_NO_PIC = NO;
				GCC_NO_COMMON_BLOCKS = YES;
				GCC_OPTIMIZATION_LEVEL = 0;
				GCC_PREPROCESSOR_DEFINITIONS = (
					"DEBUG=1",
					"$(inherited)",
				);
				GCC_WARN_64_TO_32_BIT_CONVERSION = YES;
				GCC_WARN_ABOUT_RETURN_TYPE = YES_ERROR;
				GCC_WARN_UNDECLARED_SELECTOR = YES;
				GCC_WARN_UNINITIALIZED_AUTOS = YES_AGGRESSIVE;
				GCC_WARN_UNUSED_FUNCTION = YES;
				GCC_WARN_UNUSED_VARIABLE = YES;
				IPHONEOS_DEPLOYMENT_TARGET = 12.1;
				MTL_ENABLE_DEBUG_INFO = INCLUDE_SOURCE;
				MTL_FAST_MATH = YES;
				ONLY_ACTIVE_ARCH = YES;
				SDKROOT = iphoneos;
				SWIFT_ACTIVE_COMPILATION_CONDITIONS = DEBUG;
				SWIFT_OPTIMIZATION_LEVEL = "-Onone";
			};
			name = Debug;
		};
		D9AF0417228AC612002D7388 /* Release */ = {
			isa = XCBuildConfiguration;
			buildSettings = {
				ALWAYS_SEARCH_USER_PATHS = NO;
				CLANG_ANALYZER_NONNULL = YES;
				CLANG_ANALYZER_NUMBER_OBJECT_CONVERSION = YES_AGGRESSIVE;
				CLANG_CXX_LANGUAGE_STANDARD = "gnu++14";
				CLANG_CXX_LIBRARY = "libc++";
				CLANG_ENABLE_MODULES = YES;
				CLANG_ENABLE_OBJC_ARC = YES;
				CLANG_ENABLE_OBJC_WEAK = YES;
				CLANG_WARN_BLOCK_CAPTURE_AUTORELEASING = YES;
				CLANG_WARN_BOOL_CONVERSION = YES;
				CLANG_WARN_COMMA = YES;
				CLANG_WARN_CONSTANT_CONVERSION = YES;
				CLANG_WARN_DEPRECATED_OBJC_IMPLEMENTATIONS = YES;
				CLANG_WARN_DIRECT_OBJC_ISA_USAGE = YES_ERROR;
				CLANG_WARN_DOCUMENTATION_COMMENTS = YES;
				CLANG_WARN_EMPTY_BODY = YES;
				CLANG_WARN_ENUM_CONVERSION = YES;
				CLANG_WARN_INFINITE_RECURSION = YES;
				CLANG_WARN_INT_CONVERSION = YES;
				CLANG_WARN_NON_LITERAL_NULL_CONVERSION = YES;
				CLANG_WARN_OBJC_IMPLICIT_RETAIN_SELF = YES;
				CLANG_WARN_OBJC_LITERAL_CONVERSION = YES;
				CLANG_WARN_OBJC_ROOT_CLASS = YES_ERROR;
				CLANG_WARN_RANGE_LOOP_ANALYSIS = YES;
				CLANG_WARN_STRICT_PROTOTYPES = YES;
				CLANG_WARN_SUSPICIOUS_MOVE = YES;
				CLANG_WARN_UNGUARDED_AVAILABILITY = YES_AGGRESSIVE;
				CLANG_WARN_UNREACHABLE_CODE = YES;
				CLANG_WARN__DUPLICATE_METHOD_MATCH = YES;
				CODE_SIGN_IDENTITY = "iPhone Developer";
				COPY_PHASE_STRIP = NO;
				DEBUG_INFORMATION_FORMAT = "dwarf-with-dsym";
				ENABLE_NS_ASSERTIONS = NO;
				ENABLE_STRICT_OBJC_MSGSEND = YES;
				GCC_C_LANGUAGE_STANDARD = gnu11;
				GCC_NO_COMMON_BLOCKS = YES;
				GCC_WARN_64_TO_32_BIT_CONVERSION = YES;
				GCC_WARN_ABOUT_RETURN_TYPE = YES_ERROR;
				GCC_WARN_UNDECLARED_SELECTOR = YES;
				GCC_WARN_UNINITIALIZED_AUTOS = YES_AGGRESSIVE;
				GCC_WARN_UNUSED_FUNCTION = YES;
				GCC_WARN_UNUSED_VARIABLE = YES;
				IPHONEOS_DEPLOYMENT_TARGET = 12.1;
				MTL_ENABLE_DEBUG_INFO = NO;
				MTL_FAST_MATH = YES;
				SDKROOT = iphoneos;
				SWIFT_COMPILATION_MODE = wholemodule;
				SWIFT_OPTIMIZATION_LEVEL = "-O";
				VALIDATE_PRODUCT = YES;
			};
			name = Release;
		};
		D9AF0419228AC612002D7388 /* Debug */ = {
			isa = XCBuildConfiguration;
			baseConfigurationReference = E25D47F22C068C10A12BED24 /* Pods-howto-alamofire.debug.xcconfig */;
			buildSettings = {
				ASSETCATALOG_COMPILER_APPICON_NAME = AppIcon;
				CODE_SIGN_STYLE = Automatic;
				DEVELOPMENT_TEAM = KLSQ293352;
				INFOPLIST_FILE = "howto-alamofire/Info.plist";
				LD_RUNPATH_SEARCH_PATHS = (
					"$(inherited)",
					"@executable_path/Frameworks",
				);
				PRODUCT_BUNDLE_IDENTIFIER = "com.example.codavel.howto-alamofire";
				PRODUCT_NAME = "$(TARGET_NAME)";
				SWIFT_VERSION = 4.2;
				TARGETED_DEVICE_FAMILY = "1,2";
			};
			name = Debug;
		};
		D9AF041A228AC612002D7388 /* Release */ = {
			isa = XCBuildConfiguration;
			baseConfigurationReference = 75378933E2E98A6C9A383088 /* Pods-howto-alamofire.release.xcconfig */;
			buildSettings = {
				ASSETCATALOG_COMPILER_APPICON_NAME = AppIcon;
				CODE_SIGN_STYLE = Automatic;
				DEVELOPMENT_TEAM = KLSQ293352;
				INFOPLIST_FILE = "howto-alamofire/Info.plist";
				LD_RUNPATH_SEARCH_PATHS = (
					"$(inherited)",
					"@executable_path/Frameworks",
				);
				PRODUCT_BUNDLE_IDENTIFIER = "com.example.codavel.howto-alamofire";
				PRODUCT_NAME = "$(TARGET_NAME)";
				SWIFT_VERSION = 4.2;
				TARGETED_DEVICE_FAMILY = "1,2";
			};
			name = Release;
		};
/* End XCBuildConfiguration section */

/* Begin XCConfigurationList section */
		D9AF0401228AC611002D7388 /* Build configuration list for PBXProject "howto-alamofire" */ = {
			isa = XCConfigurationList;
			buildConfigurations = (
				D9AF0416228AC612002D7388 /* Debug */,
				D9AF0417228AC612002D7388 /* Release */,
			);
			defaultConfigurationIsVisible = 0;
			defaultConfigurationName = Release;
		};
		D9AF0418228AC612002D7388 /* Build configuration list for PBXNativeTarget "howto-alamofire" */ = {
			isa = XCConfigurationList;
			buildConfigurations = (
				D9AF0419228AC612002D7388 /* Debug */,
				D9AF041A228AC612002D7388 /* Release */,
			);
			defaultConfigurationIsVisible = 0;
			defaultConfigurationName = Release;
		};
/* End XCConfigurationList section */
	};
	rootObject = D9AF03FE228AC611002D7388 /* Project object */;
}
